
Microsoft Visual Studio Solution File, Format Version 12.00
# Visual Studio Version 17
VisualStudioVersion = 17.11.35017.193
MinimumVisualStudioVersion = 10.0.40219.1
Project("{FAE04EC0-301F-11D3-BF4B-00C04F79EFBC}") = "InMemoryAssemblyLoad", "InMemoryAssemblyLoad\InMemoryAssemblyLoad.csproj", "{2F2AFED2-5C0B-41B0-AA07-2B8E6F43E28D}"
EndProject
Project("{FAE04EC0-301F-11D3-BF4B-00C04F79EFBC}") = "InMemoryAssemblyLoad.Common", "InMemoryAssemblyLoad.Common\InMemoryAssemblyLoad.Common.csproj", "{CA51056E-8A7B-4055-8940-23D679D80FE2}"
EndProject
Project("{9A19103F-16F7-4668-BE54-9A1E7A4F7556}") = "InMemoryAssemblyLoad.FileServer", "InMemoryAssemblyLoad.FileServer\InMemoryAssemblyLoad.FileServer.csproj", "{128B373F-49E3-4444-BB9F-703889E9D613}"
EndProject
Project("{FAE04EC0-301F-11D3-BF4B-00C04F79EFBC}") = "FirstModule", "LoadModules\FirstModule\FirstModule.csproj", "{879A221B-F7CC-41FE-A582-05AA3E00710C}"
EndProject
Project("{FAE04EC0-301F-11D3-BF4B-00C04F79EFBC}") = "SecondModule", "LoadModules\SecondModule\SecondModule.csproj", "{10FA4B07-E7F6-4D8D-843F-1C2074381592}"
EndProject
Project("{2150E333-8FDC-42A3-9474-1A3956D46DE8}") = "LoadModules", "LoadModules", "{25FC4049-5B0C-4469-B008-13777A329B4C}"
EndProject
Global
	GlobalSection(SolutionConfigurationPlatforms) = preSolution
		Debug|Any CPU = Debug|Any CPU
		Release|Any CPU = Release|Any CPU
	EndGlobalSection
	GlobalSection(ProjectConfigurationPlatforms) = postSolution
		{2F2AFED2-5C0B-41B0-AA07-2B8E6F43E28D}.Debug|Any CPU.ActiveCfg = Debug|Any CPU
		{2F2AFED2-5C0B-41B0-AA07-2B8E6F43E28D}.Debug|Any CPU.Build.0 = Debug|Any CPU
		{2F2AFED2-5C0B-41B0-AA07-2B8E6F43E28D}.Release|Any CPU.ActiveCfg = Release|Any CPU
		{2F2AFED2-5C0B-41B0-AA07-2B8E6F43E28D}.Release|Any CPU.Build.0 = Release|Any CPU
		{CA51056E-8A7B-4055-8940-23D679D80FE2}.Debug|Any CPU.ActiveCfg = Debug|Any CPU
		{CA51056E-8A7B-4055-8940-23D679D80FE2}.Debug|Any CPU.Build.0 = Debug|Any CPU
		{CA51056E-8A7B-4055-8940-23D679D80FE2}.Release|Any CPU.ActiveCfg = Release|Any CPU
		{CA51056E-8A7B-4055-8940-23D679D80FE2}.Release|Any CPU.Build.0 = Release|Any CPU
		{128B373F-49E3-4444-BB9F-703889E9D613}.Debug|Any CPU.ActiveCfg = Debug|Any CPU
		{128B373F-49E3-4444-BB9F-703889E9D613}.Debug|Any CPU.Build.0 = Debug|Any CPU
		{128B373F-49E3-4444-BB9F-703889E9D613}.Release|Any CPU.ActiveCfg = Release|Any CPU
		{128B373F-49E3-4444-BB9F-703889E9D613}.Release|Any CPU.Build.0 = Release|Any CPU
		{879A221B-F7CC-41FE-A582-05AA3E00710C}.Debug|Any CPU.ActiveCfg = Debug|Any CPU
		{879A221B-F7CC-41FE-A582-05AA3E00710C}.Debug|Any CPU.Build.0 = Debug|Any CPU
		{879A221B-F7CC-41FE-A582-05AA3E00710C}.Release|Any CPU.ActiveCfg = Release|Any CPU
		{879A221B-F7CC-41FE-A582-05AA3E00710C}.Release|Any CPU.Build.0 = Release|Any CPU
		{10FA4B07-E7F6-4D8D-843F-1C2074381592}.Debug|Any CPU.ActiveCfg = Debug|Any CPU
		{10FA4B07-E7F6-4D8D-843F-1C2074381592}.Debug|Any CPU.Build.0 = Debug|Any CPU
		{10FA4B07-E7F6-4D8D-843F-1C2074381592}.Release|Any CPU.ActiveCfg = Release|Any CPU
		{10FA4B07-E7F6-4D8D-843F-1C2074381592}.Release|Any CPU.Build.0 = Release|Any CPU
	EndGlobalSection
	GlobalSection(SolutionProperties) = preSolution
		HideSolutionNode = FALSE
	EndGlobalSection
	GlobalSection(NestedProjects) = preSolution
		{879A221B-F7CC-41FE-A582-05AA3E00710C} = {25FC4049-5B0C-4469-B008-13777A329B4C}
		{10FA4B07-E7F6-4D8D-843F-1C2074381592} = {25FC4049-5B0C-4469-B008-13777A329B4C}
	EndGlobalSection
	GlobalSection(ExtensibilityGlobals) = postSolution
		SolutionGuid = {DF90824C-BFF0-4DBC-9CC7-5AAE19B5EFBE}
	EndGlobalSection
EndGlobal
